
Microsoft Visual Studio Solution File, Format Version 12.00
# Visual Studio 15
VisualStudioVersion = 15.0.27428.2002
MinimumVisualStudioVersion = 10.0.40219.1
Project("{9092AA53-FB77-4645-B42D-1CCCA6BD08BD}") = "ign_code_foo", "ign_code_foo.njsproj", "{FD906F1C-E555-4241-AF59-E1B1250232DD}"
EndProject
Global
	GlobalSection(SolutionConfigurationPlatforms) = preSolution
		Debug|Any CPU = Debug|Any CPU
		Release|Any CPU = Release|Any CPU
	EndGlobalSection
	GlobalSection(ProjectConfigurationPlatforms) = postSolution
		{FD906F1C-E555-4241-AF59-E1B1250232DD}.Debug|Any CPU.ActiveCfg = Debug|Any CPU
		{FD906F1C-E555-4241-AF59-E1B1250232DD}.Debug|Any CPU.Build.0 = Debug|Any CPU
		{FD906F1C-E555-4241-AF59-E1B1250232DD}.Release|Any CPU.ActiveCfg = Release|Any CPU
		{FD906F1C-E555-4241-AF59-E1B1250232DD}.Release|Any CPU.Build.0 = Release|Any CPU
	EndGlobalSection
	GlobalSection(SolutionProperties) = preSolution
		HideSolutionNode = FALSE
	EndGlobalSection
	GlobalSection(ExtensibilityGlobals) = postSolution
		SolutionGuid = {39738B55-BA90-40EA-A796-05441A7983E8}
	EndGlobalSection
EndGlobal
