
Microsoft Visual Studio Solution File, Format Version 12.00
# Visual Studio 15
VisualStudioVersion = 15.0.27428.2002
MinimumVisualStudioVersion = 10.0.40219.1
Project("{9092AA53-FB77-4645-B42D-1CCCA6BD08BD}") = "npm_code_foo", "..\npm_code_foo.njsproj", "{EDAE34D4-5899-4B57-93E4-5EB62F0E8853}"
EndProject
Global
	GlobalSection(SolutionConfigurationPlatforms) = preSolution
		Debug|Any CPU = Debug|Any CPU
		Release|Any CPU = Release|Any CPU
	EndGlobalSection
	GlobalSection(ProjectConfigurationPlatforms) = postSolution
		{EDAE34D4-5899-4B57-93E4-5EB62F0E8853}.Debug|Any CPU.ActiveCfg = Debug|Any CPU
		{EDAE34D4-5899-4B57-93E4-5EB62F0E8853}.Debug|Any CPU.Build.0 = Debug|Any CPU
		{EDAE34D4-5899-4B57-93E4-5EB62F0E8853}.Release|Any CPU.ActiveCfg = Release|Any CPU
		{EDAE34D4-5899-4B57-93E4-5EB62F0E8853}.Release|Any CPU.Build.0 = Release|Any CPU
	EndGlobalSection
	GlobalSection(SolutionProperties) = preSolution
		HideSolutionNode = FALSE
	EndGlobalSection
	GlobalSection(ExtensibilityGlobals) = postSolution
		SolutionGuid = {FDA3B9F8-111A-4772-A99C-C7C5C4EE7001}
	EndGlobalSection
EndGlobal
